// !$*UTF8*$!
{
	archiveVersion = 1;
	classes = {
	};
	objectVersion = 46;
	objects = {

/* Begin PBXBuildFile section */
		AD0377E61736AA3D006E53B8 /* Cocoa.framework in Frameworks */ = {isa = PBXBuildFile; fileRef = AD0377E51736AA3D006E53B8 /* Cocoa.framework */; };
		AD0377F01736AA3D006E53B8 /* InfoPlist.strings in Resources */ = {isa = PBXBuildFile; fileRef = AD0377EE1736AA3D006E53B8 /* InfoPlist.strings */; };
		AD0377F21736AA3D006E53B8 /* main.m in Sources */ = {isa = PBXBuildFile; fileRef = AD0377F11736AA3D006E53B8 /* main.m */; };
		AD0377F61736AA3D006E53B8 /* Credits.rtf in Resources */ = {isa = PBXBuildFile; fileRef = AD0377F41736AA3D006E53B8 /* Credits.rtf */; };
		AD0377F91736AA3D006E53B8 /* AppDelegate.m in Sources */ = {isa = PBXBuildFile; fileRef = AD0377F81736AA3D006E53B8 /* AppDelegate.m */; };
		AD0377FC1736AA3D006E53B8 /* MainMenu.xib in Resources */ = {isa = PBXBuildFile; fileRef = AD0377FA1736AA3D006E53B8 /* MainMenu.xib */; };
		AD0378061736AB1B006E53B8 /* AGL.framework in Frameworks */ = {isa = PBXBuildFile; fileRef = AD0378021736AB1B006E53B8 /* AGL.framework */; };
		AD0378071736AB1B006E53B8 /* GLKit.framework in Frameworks */ = {isa = PBXBuildFile; fileRef = AD0378031736AB1B006E53B8 /* GLKit.framework */; };
		AD0378081736AB1B006E53B8 /* GLUT.framework in Frameworks */ = {isa = PBXBuildFile; fileRef = AD0378041736AB1B006E53B8 /* GLUT.framework */; };
		AD0378091736AB1B006E53B8 /* OpenGL.framework in Frameworks */ = {isa = PBXBuildFile; fileRef = AD0378051736AB1B006E53B8 /* OpenGL.framework */; };
		AD03780C1736AB7D006E53B8 /* GLView.m in Sources */ = {isa = PBXBuildFile; fileRef = AD03780B1736AB7D006E53B8 /* GLView.m */; };
		AD0378131736CC2E006E53B8 /* ETPanel.m in Sources */ = {isa = PBXBuildFile; fileRef = AD0378121736CC2E006E53B8 /* ETPanel.m */; };
/* End PBXBuildFile section */

/* Begin PBXFileReference section */
		AD0377E21736AA3D006E53B8 /* OpenGL_MAC.app */ = {isa = PBXFileReference; explicitFileType = wrapper.application; includeInIndex = 0; path = OpenGL_MAC.app; sourceTree = BUILT_PRODUCTS_DIR; };
		AD0377E51736AA3D006E53B8 /* Cocoa.framework */ = {isa = PBXFileReference; lastKnownFileType = wrapper.framework; name = Cocoa.framework; path = System/Library/Frameworks/Cocoa.framework; sourceTree = SDKROOT; };
		AD0377E81736AA3D006E53B8 /* AppKit.framework */ = {isa = PBXFileReference; lastKnownFileType = wrapper.framework; name = AppKit.framework; path = System/Library/Frameworks/AppKit.framework; sourceTree = SDKROOT; };
		AD0377E91736AA3D006E53B8 /* CoreData.framework */ = {isa = PBXFileReference; lastKnownFileType = wrapper.framework; name = CoreData.framework; path = System/Library/Frameworks/CoreData.framework; sourceTree = SDKROOT; };
		AD0377EA1736AA3D006E53B8 /* Foundation.framework */ = {isa = PBXFileReference; lastKnownFileType = wrapper.framework; name = Foundation.framework; path = System/Library/Frameworks/Foundation.framework; sourceTree = SDKROOT; };
		AD0377ED1736AA3D006E53B8 /* OpenGL_MAC-Info.plist */ = {isa = PBXFileReference; lastKnownFileType = text.plist.xml; path = "OpenGL_MAC-Info.plist"; sourceTree = "<group>"; };
		AD0377EF1736AA3D006E53B8 /* en */ = {isa = PBXFileReference; lastKnownFileType = text.plist.strings; name = en; path = en.lproj/InfoPlist.strings; sourceTree = "<group>"; };
		AD0377F11736AA3D006E53B8 /* main.m */ = {isa = PBXFileReference; lastKnownFileType = sourcecode.c.objc; path = main.m; sourceTree = "<group>"; };
		AD0377F31736AA3D006E53B8 /* OpenGL_MAC-Prefix.pch */ = {isa = PBXFileReference; lastKnownFileType = sourcecode.c.h; path = "OpenGL_MAC-Prefix.pch"; sourceTree = "<group>"; };
		AD0377F51736AA3D006E53B8 /* en */ = {isa = PBXFileReference; lastKnownFileType = text.rtf; name = en; path = en.lproj/Credits.rtf; sourceTree = "<group>"; };
		AD0377F71736AA3D006E53B8 /* AppDelegate.h */ = {isa = PBXFileReference; lastKnownFileType = sourcecode.c.h; path = AppDelegate.h; sourceTree = "<group>"; };
		AD0377F81736AA3D006E53B8 /* AppDelegate.m */ = {isa = PBXFileReference; lastKnownFileType = sourcecode.c.objc; path = AppDelegate.m; sourceTree = "<group>"; };
		AD0377FB1736AA3D006E53B8 /* en */ = {isa = PBXFileReference; lastKnownFileType = file.xib; name = en; path = en.lproj/MainMenu.xib; sourceTree = "<group>"; };
		AD0378021736AB1B006E53B8 /* AGL.framework */ = {isa = PBXFileReference; lastKnownFileType = wrapper.framework; name = AGL.framework; path = System/Library/Frameworks/AGL.framework; sourceTree = SDKROOT; };
		AD0378031736AB1B006E53B8 /* GLKit.framework */ = {isa = PBXFileReference; lastKnownFileType = wrapper.framework; name = GLKit.framework; path = System/Library/Frameworks/GLKit.framework; sourceTree = SDKROOT; };
		AD0378041736AB1B006E53B8 /* GLUT.framework */ = {isa = PBXFileReference; lastKnownFileType = wrapper.framework; name = GLUT.framework; path = System/Library/Frameworks/GLUT.framework; sourceTree = SDKROOT; };
		AD0378051736AB1B006E53B8 /* OpenGL.framework */ = {isa = PBXFileReference; lastKnownFileType = wrapper.framework; name = OpenGL.framework; path = System/Library/Frameworks/OpenGL.framework; sourceTree = SDKROOT; };
		AD03780A1736AB7D006E53B8 /* GLView.h */ = {isa = PBXFileReference; fileEncoding = 4; lastKnownFileType = sourcecode.c.h; path = GLView.h; sourceTree = "<group>"; };
		AD03780B1736AB7D006E53B8 /* GLView.m */ = {isa = PBXFileReference; fileEncoding = 4; lastKnownFileType = sourcecode.c.objc; path = GLView.m; sourceTree = "<group>"; };
		AD0378111736CC2E006E53B8 /* ETPanel.h */ = {isa = PBXFileReference; fileEncoding = 4; lastKnownFileType = sourcecode.c.h; path = ETPanel.h; sourceTree = "<group>"; };
		AD0378121736CC2E006E53B8 /* ETPanel.m */ = {isa = PBXFileReference; fileEncoding = 4; lastKnownFileType = sourcecode.c.objc; path = ETPanel.m; sourceTree = "<group>"; };
/* End PBXFileReference section */

/* Begin PBXFrameworksBuildPhase section */
		AD0377DF1736AA3D006E53B8 /* Frameworks */ = {
			isa = PBXFrameworksBuildPhase;
			buildActionMask = 2147483647;
			files = (
				AD0378061736AB1B006E53B8 /* AGL.framework in Frameworks */,
				AD0378071736AB1B006E53B8 /* GLKit.framework in Frameworks */,
				AD0378081736AB1B006E53B8 /* GLUT.framework in Frameworks */,
				AD0378091736AB1B006E53B8 /* OpenGL.framework in Frameworks */,
				AD0377E61736AA3D006E53B8 /* Cocoa.framework in Frameworks */,
			);
			runOnlyForDeploymentPostprocessing = 0;
		};
/* End PBXFrameworksBuildPhase section */

/* Begin PBXGroup section */
		AD0377D91736AA3D006E53B8 = {
			isa = PBXGroup;
			children = (
				AD0377EB1736AA3D006E53B8 /* OpenGL_MAC */,
				AD0377E41736AA3D006E53B8 /* Frameworks */,
				AD0377E31736AA3D006E53B8 /* Products */,
			);
			sourceTree = "<group>";
		};
		AD0377E31736AA3D006E53B8 /* Products */ = {
			isa = PBXGroup;
			children = (
				AD0377E21736AA3D006E53B8 /* OpenGL_MAC.app */,
			);
			name = Products;
			sourceTree = "<group>";
		};
		AD0377E41736AA3D006E53B8 /* Frameworks */ = {
			isa = PBXGroup;
			children = (
				AD0378021736AB1B006E53B8 /* AGL.framework */,
				AD0378031736AB1B006E53B8 /* GLKit.framework */,
				AD0378041736AB1B006E53B8 /* GLUT.framework */,
				AD0378051736AB1B006E53B8 /* OpenGL.framework */,
				AD0377E51736AA3D006E53B8 /* Cocoa.framework */,
				AD0377E71736AA3D006E53B8 /* Other Frameworks */,
			);
			name = Frameworks;
			sourceTree = "<group>";
		};
		AD0377E71736AA3D006E53B8 /* Other Frameworks */ = {
			isa = PBXGroup;
			children = (
				AD0377E81736AA3D006E53B8 /* AppKit.framework */,
				AD0377E91736AA3D006E53B8 /* CoreData.framework */,
				AD0377EA1736AA3D006E53B8 /* Foundation.framework */,
			);
			name = "Other Frameworks";
			sourceTree = "<group>";
		};
		AD0377EB1736AA3D006E53B8 /* OpenGL_MAC */ = {
			isa = PBXGroup;
			children = (
				AD0377F71736AA3D006E53B8 /* AppDelegate.h */,
				AD0377F81736AA3D006E53B8 /* AppDelegate.m */,
				AD0377FA1736AA3D006E53B8 /* MainMenu.xib */,
				AD03780A1736AB7D006E53B8 /* GLView.h */,
				AD03780B1736AB7D006E53B8 /* GLView.m */,
				AD0378111736CC2E006E53B8 /* ETPanel.h */,
				AD0378121736CC2E006E53B8 /* ETPanel.m */,
				AD0377EC1736AA3D006E53B8 /* Supporting Files */,
			);
			path = OpenGL_MAC;
			sourceTree = "<group>";
		};
		AD0377EC1736AA3D006E53B8 /* Supporting Files */ = {
			isa = PBXGroup;
			children = (
				AD0377ED1736AA3D006E53B8 /* OpenGL_MAC-Info.plist */,
				AD0377EE1736AA3D006E53B8 /* InfoPlist.strings */,
				AD0377F11736AA3D006E53B8 /* main.m */,
				AD0377F31736AA3D006E53B8 /* OpenGL_MAC-Prefix.pch */,
				AD0377F41736AA3D006E53B8 /* Credits.rtf */,
			);
			name = "Supporting Files";
			sourceTree = "<group>";
		};
/* End PBXGroup section */

/* Begin PBXNativeTarget section */
		AD0377E11736AA3D006E53B8 /* OpenGL_MAC */ = {
			isa = PBXNativeTarget;
			buildConfigurationList = AD0377FF1736AA3D006E53B8 /* Build configuration list for PBXNativeTarget "OpenGL_MAC" */;
			buildPhases = (
				AD0377DE1736AA3D006E53B8 /* Sources */,
				AD0377DF1736AA3D006E53B8 /* Frameworks */,
				AD0377E01736AA3D006E53B8 /* Resources */,
			);
			buildRules = (
			);
			dependencies = (
			);
			name = OpenGL_MAC;
			productName = OpenGL_MAC;
			productReference = AD0377E21736AA3D006E53B8 /* OpenGL_MAC.app */;
			productType = "com.apple.product-type.application";
		};
/* End PBXNativeTarget section */

/* Begin PBXProject section */
		AD0377DA1736AA3D006E53B8 /* Project object */ = {
			isa = PBXProject;
			attributes = {
				LastUpgradeCheck = 0460;
				ORGANIZATIONNAME = txx;
			};
			buildConfigurationList = AD0377DD1736AA3D006E53B8 /* Build configuration list for PBXProject "OpenGL_MAC" */;
			compatibilityVersion = "Xcode 3.2";
			developmentRegion = English;
			hasScannedForEncodings = 0;
			knownRegions = (
				en,
			);
			mainGroup = AD0377D91736AA3D006E53B8;
			productRefGroup = AD0377E31736AA3D006E53B8 /* Products */;
			projectDirPath = "";
			projectRoot = "";
			targets = (
				AD0377E11736AA3D006E53B8 /* OpenGL_MAC */,
			);
		};
/* End PBXProject section */

/* Begin PBXResourcesBuildPhase section */
		AD0377E01736AA3D006E53B8 /* Resources */ = {
			isa = PBXResourcesBuildPhase;
			buildActionMask = 2147483647;
			files = (
				AD0377F01736AA3D006E53B8 /* InfoPlist.strings in Resources */,
				AD0377F61736AA3D006E53B8 /* Credits.rtf in Resources */,
				AD0377FC1736AA3D006E53B8 /* MainMenu.xib in Resources */,
			);
			runOnlyForDeploymentPostprocessing = 0;
		};
/* End PBXResourcesBuildPhase section */

/* Begin PBXSourcesBuildPhase section */
		AD0377DE1736AA3D006E53B8 /* Sources */ = {
			isa = PBXSourcesBuildPhase;
			buildActionMask = 2147483647;
			files = (
				AD0377F21736AA3D006E53B8 /* main.m in Sources */,
				AD0377F91736AA3D006E53B8 /* AppDelegate.m in Sources */,
				AD03780C1736AB7D006E53B8 /* GLView.m in Sources */,
				AD0378131736CC2E006E53B8 /* ETPanel.m in Sources */,
			);
			runOnlyForDeploymentPostprocessing = 0;
		};
/* End PBXSourcesBuildPhase section */

/* Begin PBXVariantGroup section */
		AD0377EE1736AA3D006E53B8 /* InfoPlist.strings */ = {
			isa = PBXVariantGroup;
			children = (
				AD0377EF1736AA3D006E53B8 /* en */,
			);
			name = InfoPlist.strings;
			sourceTree = "<group>";
		};
		AD0377F41736AA3D006E53B8 /* Credits.rtf */ = {
			isa = PBXVariantGroup;
			children = (
				AD0377F51736AA3D006E53B8 /* en */,
			);
			name = Credits.rtf;
			sourceTree = "<group>";
		};
		AD0377FA1736AA3D006E53B8 /* MainMenu.xib */ = {
			isa = PBXVariantGroup;
			children = (
				AD0377FB1736AA3D006E53B8 /* en */,
			);
			name = MainMenu.xib;
			sourceTree = "<group>";
		};
/* End PBXVariantGroup section */

/* Begin XCBuildConfiguration section */
		AD0377FD1736AA3D006E53B8 /* Debug */ = {
			isa = XCBuildConfiguration;
			buildSettings = {
				ALWAYS_SEARCH_USER_PATHS = NO;
				ARCHS = "$(ARCHS_STANDARD_64_BIT)";
				CLANG_CXX_LANGUAGE_STANDARD = "gnu++0x";
				CLANG_CXX_LIBRARY = "libc++";
				CLANG_WARN_CONSTANT_CONVERSION = YES;
				CLANG_WARN_EMPTY_BODY = YES;
				CLANG_WARN_ENUM_CONVERSION = YES;
				CLANG_WARN_INT_CONVERSION = YES;
				CLANG_WARN__DUPLICATE_METHOD_MATCH = YES;
				COPY_PHASE_STRIP = NO;
				GCC_C_LANGUAGE_STANDARD = gnu99;
				GCC_DYNAMIC_NO_PIC = NO;
				GCC_ENABLE_OBJC_EXCEPTIONS = YES;
				GCC_OPTIMIZATION_LEVEL = 0;
				GCC_PREPROCESSOR_DEFINITIONS = (
					"DEBUG=1",
					"$(inherited)",
				);
				GCC_SYMBOLS_PRIVATE_EXTERN = NO;
				GCC_WARN_64_TO_32_BIT_CONVERSION = YES;
				GCC_WARN_ABOUT_RETURN_TYPE = YES;
				GCC_WARN_UNINITIALIZED_AUTOS = YES;
				GCC_WARN_UNUSED_VARIABLE = YES;
				MACOSX_DEPLOYMENT_TARGET = 10.8;
				ONLY_ACTIVE_ARCH = YES;
				SDKROOT = macosx;
			};
			name = Debug;
		};
		AD0377FE1736AA3D006E53B8 /* Release */ = {
			isa = XCBuildConfiguration;
			buildSettings = {
				ALWAYS_SEARCH_USER_PATHS = NO;
				ARCHS = "$(ARCHS_STANDARD_64_BIT)";
				CLANG_CXX_LANGUAGE_STANDARD = "gnu++0x";
				CLANG_CXX_LIBRARY = "libc++";
				CLANG_WARN_CONSTANT_CONVERSION = YES;
				CLANG_WARN_EMPTY_BODY = YES;
				CLANG_WARN_ENUM_CONVERSION = YES;
				CLANG_WARN_INT_CONVERSION = YES;
				CLANG_WARN__DUPLICATE_METHOD_MATCH = YES;
				COPY_PHASE_STRIP = YES;
				DEBUG_INFORMATION_FORMAT = "dwarf-with-dsym";
				GCC_C_LANGUAGE_STANDARD = gnu99;
				GCC_ENABLE_OBJC_EXCEPTIONS = YES;
				GCC_WARN_64_TO_32_BIT_CONVERSION = YES;
				GCC_WARN_ABOUT_RETURN_TYPE = YES;
				GCC_WARN_UNINITIALIZED_AUTOS = YES;
				GCC_WARN_UNUSED_VARIABLE = YES;
				MACOSX_DEPLOYMENT_TARGET = 10.8;
				SDKROOT = macosx;
			};
			name = Release;
		};
		AD0378001736AA3D006E53B8 /* Debug */ = {
			isa = XCBuildConfiguration;
			buildSettings = {
				COMBINE_HIDPI_IMAGES = YES;
				GCC_PRECOMPILE_PREFIX_HEADER = YES;
				GCC_PREFIX_HEADER = "OpenGL_MAC/OpenGL_MAC-Prefix.pch";
				INFOPLIST_FILE = "OpenGL_MAC/OpenGL_MAC-Info.plist";
				PRODUCT_NAME = "$(TARGET_NAME)";
				WRAPPER_EXTENSION = app;
			};
			name = Debug;
		};
		AD0378011736AA3D006E53B8 /* Release */ = {
			isa = XCBuildConfiguration;
			buildSettings = {
				COMBINE_HIDPI_IMAGES = YES;
				GCC_PRECOMPILE_PREFIX_HEADER = YES;
				GCC_PREFIX_HEADER = "OpenGL_MAC/OpenGL_MAC-Prefix.pch";
				INFOPLIST_FILE = "OpenGL_MAC/OpenGL_MAC-Info.plist";
				PRODUCT_NAME = "$(TARGET_NAME)";
				WRAPPER_EXTENSION = app;
			};
			name = Release;
		};
/* End XCBuildConfiguration section */

/* Begin XCConfigurationList section */
		AD0377DD1736AA3D006E53B8 /* Build configuration list for PBXProject "OpenGL_MAC" */ = {
			isa = XCConfigurationList;
			buildConfigurations = (
				AD0377FD1736AA3D006E53B8 /* Debug */,
				AD0377FE1736AA3D006E53B8 /* Release */,
			);
			defaultConfigurationIsVisible = 0;
			defaultConfigurationName = Release;
		};
		AD0377FF1736AA3D006E53B8 /* Build configuration list for PBXNativeTarget "OpenGL_MAC" */ = {
			isa = XCConfigurationList;
			buildConfigurations = (
				AD0378001736AA3D006E53B8 /* Debug */,
				AD0378011736AA3D006E53B8 /* Release */,
			);
			defaultConfigurationIsVisible = 0;
		};
/* End XCConfigurationList section */
	};
	rootObject = AD0377DA1736AA3D006E53B8 /* Project object */;
}
